
Microsoft Visual Studio Solution File, Format Version 12.00
# Visual Studio Version 17
VisualStudioVersion = 17.6.33723.286
MinimumVisualStudioVersion = 10.0.40219.1
Project("{8BC9CEB8-8B4A-11D0-8D11-00A0C91BC942}") = "drv_1_ch", "drv_1_ch\drv_1_ch.vcxproj", "{F7E210E4-DA1F-4F55-98F0-55C0994BCC84}"
EndProject
Global
	GlobalSection(SolutionConfigurationPlatforms) = preSolution
		Debug|ARM64 = Debug|ARM64
		Debug|x64 = Debug|x64
		Release|ARM64 = Release|ARM64
		Release|x64 = Release|x64
	EndGlobalSection
	GlobalSection(ProjectConfigurationPlatforms) = postSolution
		{F7E210E4-DA1F-4F55-98F0-55C0994BCC84}.Debug|ARM64.ActiveCfg = Debug|ARM64
		{F7E210E4-DA1F-4F55-98F0-55C0994BCC84}.Debug|ARM64.Build.0 = Debug|ARM64
		{F7E210E4-DA1F-4F55-98F0-55C0994BCC84}.Debug|ARM64.Deploy.0 = Debug|ARM64
		{F7E210E4-DA1F-4F55-98F0-55C0994BCC84}.Debug|x64.ActiveCfg = Debug|x64
		{F7E210E4-DA1F-4F55-98F0-55C0994BCC84}.Debug|x64.Build.0 = Debug|x64
		{F7E210E4-DA1F-4F55-98F0-55C0994BCC84}.Debug|x64.Deploy.0 = Debug|x64
		{F7E210E4-DA1F-4F55-98F0-55C0994BCC84}.Release|ARM64.ActiveCfg = Release|ARM64
		{F7E210E4-DA1F-4F55-98F0-55C0994BCC84}.Release|ARM64.Build.0 = Release|ARM64
		{F7E210E4-DA1F-4F55-98F0-55C0994BCC84}.Release|ARM64.Deploy.0 = Release|ARM64
		{F7E210E4-DA1F-4F55-98F0-55C0994BCC84}.Release|x64.ActiveCfg = Release|x64
		{F7E210E4-DA1F-4F55-98F0-55C0994BCC84}.Release|x64.Build.0 = Release|x64
		{F7E210E4-DA1F-4F55-98F0-55C0994BCC84}.Release|x64.Deploy.0 = Release|x64
	EndGlobalSection
	GlobalSection(SolutionProperties) = preSolution
		HideSolutionNode = FALSE
	EndGlobalSection
	GlobalSection(ExtensibilityGlobals) = postSolution
		SolutionGuid = {C97AE371-6396-493F-AF57-4166732A9F31}
	EndGlobalSection
EndGlobal
